
Microsoft Visual Studio Solution File, Format Version 12.00
# Visual Studio 15
VisualStudioVersion = 15.0.27428.2002
MinimumVisualStudioVersion = 10.0.40219.1
Project("{FAE04EC0-301F-11D3-BF4B-00C04F79EFBC}") = "NSerialPort", "NSerialPort\NSerialPort.csproj", "{E877E876-42E5-4A10-8228-6C6B6E412EC5}"
	ProjectSection(ProjectDependencies) = postProject
		{1AA928C0-EDC0-41E4-8D9F-F4C45018B52C} = {1AA928C0-EDC0-41E4-8D9F-F4C45018B52C}
	EndProjectSection
EndProject
Project("{2150E333-8FDC-42A3-9474-1A3956D46DE8}") = "Examples", "Examples", "{6FAFE4C8-2EA0-4950-91F0-CE3399A3440C}"
EndProject
Project("{FAE04EC0-301F-11D3-BF4B-00C04F79EFBC}") = "NFec", "NFec\NFec.csproj", "{3CE276A5-65EE-4B05-96D8-2F034997455C}"
EndProject
Project("{2150E333-8FDC-42A3-9474-1A3956D46DE8}") = "UnitTests", "UnitTests", "{B3672852-589F-4247-A991-D8F4871C48B1}"
EndProject
Project("{FAE04EC0-301F-11D3-BF4B-00C04F79EFBC}") = "NByteStuff", "NCobs\NByteStuff.csproj", "{A4C4F6F3-B97F-4A05-B13B-FC2B0D6DC930}"
EndProject
Project("{FAE04EC0-301F-11D3-BF4B-00C04F79EFBC}") = "SerialPortFix", "SerialPortFix\SerialPortFix.csproj", "{1AA928C0-EDC0-41E4-8D9F-F4C45018B52C}"
EndProject
Project("{2150E333-8FDC-42A3-9474-1A3956D46DE8}") = "Solution Items", "Solution Items", "{DB374D81-66F5-4B91-8753-B1264844C43B}"
	ProjectSection(SolutionItems) = preProject
		LICENSE.md = LICENSE.md
		logo.png = logo.png
		README.md = README.md
	EndProjectSection
EndProject
Project("{FAE04EC0-301F-11D3-BF4B-00C04F79EFBC}") = "NSerialProtocol", "NSerialProtocol\NSerialProtocol.csproj", "{C62D822F-87D0-4629-9730-6EB3A89442A5}"
EndProject
Project("{2150E333-8FDC-42A3-9474-1A3956D46DE8}") = "Playgrounds", "Playgrounds", "{C8F0F128-7044-4447-BB9D-B54DE7000882}"
EndProject
Project("{FAE04EC0-301F-11D3-BF4B-00C04F79EFBC}") = "FrameParserPlayground", "Playgrounds\FrameParserPlayground\FrameParserPlayground.csproj", "{010B8D1E-6B9A-4600-9803-65EA2214BE53}"
EndProject
Project("{2150E333-8FDC-42A3-9474-1A3956D46DE8}") = "SerialPortFixExamples", "SerialPortFixExamples", "{C4371EF6-3558-462D-97A4-3B6C77462496}"
EndProject
Project("{FAE04EC0-301F-11D3-BF4B-00C04F79EFBC}") = "SerialPortFixFinalizerExample", "Examples\SerialPortFixFinalizerExample\SerialPortFixFinalizerExample.csproj", "{EEFB5A66-9D58-4E91-9DFB-AFD96C8EE204}"
EndProject
Project("{FAE04EC0-301F-11D3-BF4B-00C04F79EFBC}") = "SerialPortFixUsingExample", "Examples\SerialPortFixUsingExample\SerialPortFixUsingExample.csproj", "{D33A5D8C-78F0-4C58-B89D-2AC8196C97DF}"
EndProject
Project("{FAE04EC0-301F-11D3-BF4B-00C04F79EFBC}") = "NSerialPortUnitTests", "UnitTests\NSerialPortUnitTests\NSerialPortUnitTests.csproj", "{D5AF97EF-659F-4621-AFF1-7EADB3F52346}"
EndProject
Global
	GlobalSection(SolutionConfigurationPlatforms) = preSolution
		Debug|Any CPU = Debug|Any CPU
		Release|Any CPU = Release|Any CPU
	EndGlobalSection
	GlobalSection(ProjectConfigurationPlatforms) = postSolution
		{E877E876-42E5-4A10-8228-6C6B6E412EC5}.Debug|Any CPU.ActiveCfg = Debug|Any CPU
		{E877E876-42E5-4A10-8228-6C6B6E412EC5}.Debug|Any CPU.Build.0 = Debug|Any CPU
		{E877E876-42E5-4A10-8228-6C6B6E412EC5}.Release|Any CPU.ActiveCfg = Release|Any CPU
		{E877E876-42E5-4A10-8228-6C6B6E412EC5}.Release|Any CPU.Build.0 = Release|Any CPU
		{3CE276A5-65EE-4B05-96D8-2F034997455C}.Debug|Any CPU.ActiveCfg = Debug|Any CPU
		{3CE276A5-65EE-4B05-96D8-2F034997455C}.Debug|Any CPU.Build.0 = Debug|Any CPU
		{3CE276A5-65EE-4B05-96D8-2F034997455C}.Release|Any CPU.ActiveCfg = Release|Any CPU
		{3CE276A5-65EE-4B05-96D8-2F034997455C}.Release|Any CPU.Build.0 = Release|Any CPU
		{A4C4F6F3-B97F-4A05-B13B-FC2B0D6DC930}.Debug|Any CPU.ActiveCfg = Debug|Any CPU
		{A4C4F6F3-B97F-4A05-B13B-FC2B0D6DC930}.Debug|Any CPU.Build.0 = Debug|Any CPU
		{A4C4F6F3-B97F-4A05-B13B-FC2B0D6DC930}.Release|Any CPU.ActiveCfg = Release|Any CPU
		{A4C4F6F3-B97F-4A05-B13B-FC2B0D6DC930}.Release|Any CPU.Build.0 = Release|Any CPU
		{1AA928C0-EDC0-41E4-8D9F-F4C45018B52C}.Debug|Any CPU.ActiveCfg = Debug|Any CPU
		{1AA928C0-EDC0-41E4-8D9F-F4C45018B52C}.Debug|Any CPU.Build.0 = Debug|Any CPU
		{1AA928C0-EDC0-41E4-8D9F-F4C45018B52C}.Release|Any CPU.ActiveCfg = Release|Any CPU
		{1AA928C0-EDC0-41E4-8D9F-F4C45018B52C}.Release|Any CPU.Build.0 = Release|Any CPU
		{C62D822F-87D0-4629-9730-6EB3A89442A5}.Debug|Any CPU.ActiveCfg = Debug|Any CPU
		{C62D822F-87D0-4629-9730-6EB3A89442A5}.Debug|Any CPU.Build.0 = Debug|Any CPU
		{C62D822F-87D0-4629-9730-6EB3A89442A5}.Release|Any CPU.ActiveCfg = Release|Any CPU
		{C62D822F-87D0-4629-9730-6EB3A89442A5}.Release|Any CPU.Build.0 = Release|Any CPU
		{010B8D1E-6B9A-4600-9803-65EA2214BE53}.Debug|Any CPU.ActiveCfg = Debug|Any CPU
		{010B8D1E-6B9A-4600-9803-65EA2214BE53}.Debug|Any CPU.Build.0 = Debug|Any CPU
		{010B8D1E-6B9A-4600-9803-65EA2214BE53}.Release|Any CPU.ActiveCfg = Release|Any CPU
		{010B8D1E-6B9A-4600-9803-65EA2214BE53}.Release|Any CPU.Build.0 = Release|Any CPU
		{EEFB5A66-9D58-4E91-9DFB-AFD96C8EE204}.Debug|Any CPU.ActiveCfg = Debug|Any CPU
		{EEFB5A66-9D58-4E91-9DFB-AFD96C8EE204}.Debug|Any CPU.Build.0 = Debug|Any CPU
		{EEFB5A66-9D58-4E91-9DFB-AFD96C8EE204}.Release|Any CPU.ActiveCfg = Release|Any CPU
		{EEFB5A66-9D58-4E91-9DFB-AFD96C8EE204}.Release|Any CPU.Build.0 = Release|Any CPU
		{D33A5D8C-78F0-4C58-B89D-2AC8196C97DF}.Debug|Any CPU.ActiveCfg = Debug|Any CPU
		{D33A5D8C-78F0-4C58-B89D-2AC8196C97DF}.Debug|Any CPU.Build.0 = Debug|Any CPU
		{D33A5D8C-78F0-4C58-B89D-2AC8196C97DF}.Release|Any CPU.ActiveCfg = Release|Any CPU
		{D33A5D8C-78F0-4C58-B89D-2AC8196C97DF}.Release|Any CPU.Build.0 = Release|Any CPU
		{D5AF97EF-659F-4621-AFF1-7EADB3F52346}.Debug|Any CPU.ActiveCfg = Debug|Any CPU
		{D5AF97EF-659F-4621-AFF1-7EADB3F52346}.Debug|Any CPU.Build.0 = Debug|Any CPU
		{D5AF97EF-659F-4621-AFF1-7EADB3F52346}.Release|Any CPU.ActiveCfg = Release|Any CPU
		{D5AF97EF-659F-4621-AFF1-7EADB3F52346}.Release|Any CPU.Build.0 = Release|Any CPU
	EndGlobalSection
	GlobalSection(SolutionProperties) = preSolution
		HideSolutionNode = FALSE
	EndGlobalSection
	GlobalSection(NestedProjects) = preSolution
		{010B8D1E-6B9A-4600-9803-65EA2214BE53} = {C8F0F128-7044-4447-BB9D-B54DE7000882}
		{C4371EF6-3558-462D-97A4-3B6C77462496} = {6FAFE4C8-2EA0-4950-91F0-CE3399A3440C}
		{EEFB5A66-9D58-4E91-9DFB-AFD96C8EE204} = {C4371EF6-3558-462D-97A4-3B6C77462496}
		{D33A5D8C-78F0-4C58-B89D-2AC8196C97DF} = {C4371EF6-3558-462D-97A4-3B6C77462496}
		{D5AF97EF-659F-4621-AFF1-7EADB3F52346} = {B3672852-589F-4247-A991-D8F4871C48B1}
	EndGlobalSection
	GlobalSection(ExtensibilityGlobals) = postSolution
		SolutionGuid = {91871512-CA16-4108-BDBC-0645BAB249EE}
	EndGlobalSection
EndGlobal
